
Microsoft Visual Studio Solution File, Format Version 12.00
# Visual Studio 15
VisualStudioVersion = 15.0.28307.1259
MinimumVisualStudioVersion = 10.0.40219.1
Project("{E24C65DC-7377-472B-9ABA-BC803B73C61A}") = "Proyecto", "Proyecto\", "{5FC540AD-2054-45FC-B44C-F1D7F4B18D08}"
	ProjectSection(WebsiteProperties) = preProject
		TargetFrameworkMoniker = ".NETFramework,Version%3Dv4.7.2"
		Debug.AspNetCompiler.VirtualPath = "/localhost_55324"
		Debug.AspNetCompiler.PhysicalPath = "Proyecto\"
		Debug.AspNetCompiler.TargetPath = "PrecompiledWeb\localhost_55324\"
		Debug.AspNetCompiler.Updateable = "true"
		Debug.AspNetCompiler.ForceOverwrite = "true"
		Debug.AspNetCompiler.FixedNames = "false"
		Debug.AspNetCompiler.Debug = "True"
		Release.AspNetCompiler.VirtualPath = "/localhost_55324"
		Release.AspNetCompiler.PhysicalPath = "Proyecto\"
		Release.AspNetCompiler.TargetPath = "PrecompiledWeb\localhost_55324\"
		Release.AspNetCompiler.Updateable = "true"
		Release.AspNetCompiler.ForceOverwrite = "true"
		Release.AspNetCompiler.FixedNames = "false"
		Release.AspNetCompiler.Debug = "False"
		VWDPort = "55324"
		SlnRelativePath = "Proyecto\"
		DefaultWebSiteLanguage = "Visual C#"
	EndProjectSection
EndProject
Global
	GlobalSection(SolutionConfigurationPlatforms) = preSolution
		Debug|Any CPU = Debug|Any CPU
	EndGlobalSection
	GlobalSection(ProjectConfigurationPlatforms) = postSolution
		{5FC540AD-2054-45FC-B44C-F1D7F4B18D08}.Debug|Any CPU.ActiveCfg = Debug|Any CPU
		{5FC540AD-2054-45FC-B44C-F1D7F4B18D08}.Debug|Any CPU.Build.0 = Debug|Any CPU
	EndGlobalSection
	GlobalSection(SolutionProperties) = preSolution
		HideSolutionNode = FALSE
	EndGlobalSection
	GlobalSection(ExtensibilityGlobals) = postSolution
		SolutionGuid = {557B4EEF-96A6-41E5-A8E6-269DD660A0B3}
	EndGlobalSection
EndGlobal
